
Microsoft Visual Studio Solution File, Format Version 12.00
# Visual Studio 14
VisualStudioVersion = 14.0.24720.0
MinimumVisualStudioVersion = 10.0.40219.1
Project("{FAE04EC0-301F-11D3-BF4B-00C04F79EFBC}") = "FineUI", "FineUI\FineUI.csproj", "{0F8BF1F6-DDC2-43DA-BB0B-416CC287AC1B}"
EndProject
Project("{FAE04EC0-301F-11D3-BF4B-00C04F79EFBC}") = "FineUI.Empty", "FineUI.Empty\FineUI.Empty.csproj", "{35AB0FCA-99E3-41A9-8418-A99B54236D8A}"
EndProject
Global
	GlobalSection(SolutionConfigurationPlatforms) = preSolution
		Debug|Any CPU = Debug|Any CPU
		Release|Any CPU = Release|Any CPU
	EndGlobalSection
	GlobalSection(ProjectConfigurationPlatforms) = postSolution
		{0F8BF1F6-DDC2-43DA-BB0B-416CC287AC1B}.Debug|Any CPU.ActiveCfg = Debug|Any CPU
		{0F8BF1F6-DDC2-43DA-BB0B-416CC287AC1B}.Debug|Any CPU.Build.0 = Debug|Any CPU
		{0F8BF1F6-DDC2-43DA-BB0B-416CC287AC1B}.Release|Any CPU.ActiveCfg = Release|Any CPU
		{0F8BF1F6-DDC2-43DA-BB0B-416CC287AC1B}.Release|Any CPU.Build.0 = Release|Any CPU
		{35AB0FCA-99E3-41A9-8418-A99B54236D8A}.Debug|Any CPU.ActiveCfg = Debug|Any CPU
		{35AB0FCA-99E3-41A9-8418-A99B54236D8A}.Debug|Any CPU.Build.0 = Debug|Any CPU
		{35AB0FCA-99E3-41A9-8418-A99B54236D8A}.Release|Any CPU.ActiveCfg = Release|Any CPU
		{35AB0FCA-99E3-41A9-8418-A99B54236D8A}.Release|Any CPU.Build.0 = Release|Any CPU
	EndGlobalSection
	GlobalSection(SolutionProperties) = preSolution
		HideSolutionNode = FALSE
	EndGlobalSection
EndGlobal
